
Microsoft Visual Studio Solution File, Format Version 12.00
# Visual Studio Version 17
VisualStudioVersion = 17.6.33829.357
MinimumVisualStudioVersion = 10.0.40219.1
Project("{8BC9CEB8-8B4A-11D0-8D11-00A0C91BC942}") = "SpaceInvaders", "SpaceInvaders.vcxproj", "{2D7BB116-7EDD-4D2A-B1B0-45D74402889D}"
EndProject
Global
	GlobalSection(SolutionConfigurationPlatforms) = preSolution
		Debug|x64 = Debug|x64
		Debug|x86 = Debug|x86
		Release|x64 = Release|x64
		Release|x86 = Release|x86
	EndGlobalSection
	GlobalSection(ProjectConfigurationPlatforms) = postSolution
		{2D7BB116-7EDD-4D2A-B1B0-45D74402889D}.Debug|x64.ActiveCfg = Debug|x64
		{2D7BB116-7EDD-4D2A-B1B0-45D74402889D}.Debug|x64.Build.0 = Debug|x64
		{2D7BB116-7EDD-4D2A-B1B0-45D74402889D}.Debug|x86.ActiveCfg = Debug|Win32
		{2D7BB116-7EDD-4D2A-B1B0-45D74402889D}.Debug|x86.Build.0 = Debug|Win32
		{2D7BB116-7EDD-4D2A-B1B0-45D74402889D}.Release|x64.ActiveCfg = Release|x64
		{2D7BB116-7EDD-4D2A-B1B0-45D74402889D}.Release|x64.Build.0 = Release|x64
		{2D7BB116-7EDD-4D2A-B1B0-45D74402889D}.Release|x86.ActiveCfg = Release|Win32
		{2D7BB116-7EDD-4D2A-B1B0-45D74402889D}.Release|x86.Build.0 = Release|Win32
	EndGlobalSection
	GlobalSection(SolutionProperties) = preSolution
		HideSolutionNode = FALSE
	EndGlobalSection
	GlobalSection(ExtensibilityGlobals) = postSolution
		SolutionGuid = {C2590DB4-2CB5-4ED1-ACFA-446AC00916F0}
	EndGlobalSection
EndGlobal
